hash: 4bd160ca31bb38394ea228937fab3f4b05a8d256bf6a5b8e523efe0ac29e65cf
updated: 2018-02-14T13:21:27.511313Z
imports:
- name: github.com/cenkalti/backoff
  version: 6c45d6bc1e78d94431dff8fc28a99f20bafa355a
- name: github.com/compose/mejson
  version: afcf51c7c640b1e09c17065d4e5b8de3259d6261
- name: github.com/dlclark/regexp2
  version: 487489b64fb796de2e55f4e8a4ad1e145f80e957
  subpackages:
  - syntax
- name: github.com/dop251/goja
  version: d382686fd20bf93d9c4cf2ea0234ae2d353e23cb
  subpackages:
  - ast
  - file
  - parser
  - token
- name: github.com/golang/protobuf
  version: 34a5f244f1c01cdfee8e60324258cfbb97a42aec
  subpackages:
  - proto
- name: github.com/hailocab/go-hostpool
  version: e80d13ce29ede4452c43dea11e79b9bc8a15b478
- name: github.com/hashicorp/go-version
  version: e96d3840402619007766590ecea8dd7af1292276
- name: github.com/lib/pq
  version: 8df6253d1317616f36b0c3740eb30c239a7372cb
  subpackages:
  - oid
- name: github.com/mailru/easyjson
  version: 32fa128f234d041f196a9f3e0fea5ac9772c08e1
  subpackages:
  - buffer
  - jlexer
  - jwriter
- name: github.com/mattn/go-runewidth
  version: 9e777a8366cce605130a531d2cd6363d07ad7317
- name: github.com/mitchellh/cli
  version: fa17b36f6c61f1ddbbb08c9f6fde94b3c065a09d
- name: github.com/nu7hatch/gouuid
  version: 179d4d0c4d8d407a32af483c2354df1d2c91e6c3
- name: github.com/oklog/oklog
  version: 2ae37025d0eeba31e5b70420277a9533a9d5e900
  subpackages:
  - pkg/group
- name: github.com/oklog/run
  version: 4dadeb3030eda0273a12382bb2348ffc7c9d1a39
- name: github.com/olekukonko/tablewriter
  version: febf2d34b54a69ce7530036c7503b1c9fbfdf0bb
- name: github.com/pkg/errors
  version: 645ef00459ed84a119197bfb8d8205042c6df63d
- name: github.com/robertkrimen/otto
  version: bf1c3795ba078da6905fe80bfbc3ed3d8c36e9aa
  subpackages:
  - ast
  - dbg
  - file
  - parser
  - registry
  - token
  - underscore
- name: github.com/sirupsen/logrus
  version: d682213848ed68c0a260ca37d6dd5ace8423f5ba
- name: github.com/smartystreets/go-aws-auth
  version: 2043e6d0bb7e4c18464a7bba562acbe482e3cabd
- name: github.com/streadway/amqp
  version: 6a378341a305bfbc252e8a6638f16cf443221997
- name: golang.org/x/crypto
  version: 1351f936d976c60a0a48d728281922cf63eafb8d
  subpackages:
  - pbkdf2
  - ssh/terminal
- name: golang.org/x/net
  version: f2499483f923065a842d38eb4c7f1927e6fc6e6d
  subpackages:
  - context
- name: golang.org/x/sys
  version: d75a52659825e75fff6158388dddc6a5b04f9ba5
  subpackages:
  - unix
- name: golang.org/x/text
  version: 19e51611da83d6be54ddafce4a4af510cb3e9ea4
  subpackages:
  - cases
  - collate
  - internal
  - internal/colltab
  - internal/tag
  - language
  - transform
  - unicode/norm
- name: gopkg.in/fatih/pool.v2
  version: 20a0a429c5f93de45c90f5f09ea297c25e0929b3
- name: gopkg.in/gorethink/gorethink.v3
  version: 7f5bdfd858bb064d80559b2a32b86669c5de5d3b
  subpackages:
  - encoding
  - ql2
  - types
- name: gopkg.in/mgo.v2
  version: 3f83fa5005286a7fe593b055f0d7771a7dce4655
  subpackages:
  - bson
  - internal/json
  - internal/sasl
  - internal/scram
- name: gopkg.in/olivere/elastic.v2
  version: ad2886760fe843ee9e396ac2e2bf2ff95ee7bc5d
- name: gopkg.in/olivere/elastic.v3
  version: ad2886760fe843ee9e396ac2e2bf2ff95ee7bc5d
- name: gopkg.in/olivere/elastic.v5
  version: ad2886760fe843ee9e396ac2e2bf2ff95ee7bc5d
  subpackages:
  - config
  - uritemplates
- name: gopkg.in/sourcemap.v1
  version: eef8f47ab679652a7d3a4ee34c34314d255d2536
  subpackages:
  - base64vlq
testImports: []
