# This file is autogenerated, do not edit; changes may be undone by the next 'dep ensure'.


[[projects]]
  name = "github.com/cenkalti/backoff"
  packages = ["."]
  revision = "6c45d6bc1e78d94431dff8fc28a99f20bafa355a"

[[projects]]
  branch = "master"
  name = "github.com/compose/mejson"
  packages = ["."]
  revision = "afcf51c7c640b1e09c17065d4e5b8de3259d6261"

[[projects]]
  name = "github.com/dlclark/regexp2"
  packages = [
    ".",
    "syntax"
  ]
  revision = "487489b64fb796de2e55f4e8a4ad1e145f80e957"
  version = "v1.1.6"

[[projects]]
  name = "github.com/dop251/goja"
  packages = [
    ".",
    "ast",
    "file",
    "parser",
    "token"
  ]
  revision = "d382686fd20bf93d9c4cf2ea0234ae2d353e23cb"

[[projects]]
  name = "github.com/golang/protobuf"
  packages = ["proto"]
  revision = "34a5f244f1c01cdfee8e60324258cfbb97a42aec"

[[projects]]
  branch = "master"
  name = "github.com/hailocab/go-hostpool"
  packages = ["."]
  revision = "e80d13ce29ede4452c43dea11e79b9bc8a15b478"

[[projects]]
  name = "github.com/hashicorp/go-version"
  packages = ["."]
  revision = "e96d3840402619007766590ecea8dd7af1292276"

[[projects]]
  name = "github.com/lib/pq"
  packages = [
    ".",
    "oid"
  ]
  revision = "8df6253d1317616f36b0c3740eb30c239a7372cb"

[[projects]]
  branch = "master"
  name = "github.com/mailru/easyjson"
  packages = [
    ".",
    "buffer",
    "jlexer",
    "jwriter"
  ]
  revision = "32fa128f234d041f196a9f3e0fea5ac9772c08e1"

[[projects]]
  name = "github.com/mattn/go-runewidth"
  packages = ["."]
  revision = "9e777a8366cce605130a531d2cd6363d07ad7317"
  version = "v0.0.2"

[[projects]]
  branch = "master"
  name = "github.com/nu7hatch/gouuid"
  packages = ["."]
  revision = "179d4d0c4d8d407a32af483c2354df1d2c91e6c3"

[[projects]]
  name = "github.com/oklog/run"
  packages = ["."]
  revision = "4dadeb3030eda0273a12382bb2348ffc7c9d1a39"
  version = "v1.0.0"

[[projects]]
  name = "github.com/olekukonko/tablewriter"
  packages = ["."]
  revision = "febf2d34b54a69ce7530036c7503b1c9fbfdf0bb"

[[projects]]
  name = "github.com/pkg/errors"
  packages = ["."]
  revision = "645ef00459ed84a119197bfb8d8205042c6df63d"
  version = "v0.8.0"

[[projects]]
  branch = "master"
  name = "github.com/robertkrimen/otto"
  packages = [
    ".",
    "ast",
    "dbg",
    "file",
    "parser",
    "registry",
    "token",
    "underscore"
  ]
  revision = "3b44b4dcb6c00477273595c312908e2412d07da6"

[[projects]]
  name = "github.com/sirupsen/logrus"
  packages = ["."]
  revision = "d682213848ed68c0a260ca37d6dd5ace8423f5ba"
  version = "v1.0.4"

[[projects]]
  name = "github.com/smartystreets/go-aws-auth"
  packages = ["."]
  revision = "2043e6d0bb7e4c18464a7bba562acbe482e3cabd"

[[projects]]
  name = "github.com/streadway/amqp"
  packages = ["."]
  revision = "6a378341a305bfbc252e8a6638f16cf443221997"

[[projects]]
  name = "golang.org/x/crypto"
  packages = [
    "pbkdf2",
    "ssh/terminal"
  ]
  revision = "1351f936d976c60a0a48d728281922cf63eafb8d"

[[projects]]
  name = "golang.org/x/net"
  packages = ["context"]
  revision = "f2499483f923065a842d38eb4c7f1927e6fc6e6d"

[[projects]]
  name = "golang.org/x/sys"
  packages = ["unix"]
  revision = "d75a52659825e75fff6158388dddc6a5b04f9ba5"

[[projects]]
  name = "golang.org/x/text"
  packages = [
    "cases",
    "collate",
    "collate/build",
    "internal",
    "internal/colltab",
    "internal/gen",
    "internal/tag",
    "internal/triegen",
    "internal/ucd",
    "language",
    "transform",
    "unicode/cldr",
    "unicode/norm"
  ]
  revision = "19e51611da83d6be54ddafce4a4af510cb3e9ea4"

[[projects]]
  name = "gopkg.in/fatih/pool.v2"
  packages = ["."]
  revision = "20a0a429c5f93de45c90f5f09ea297c25e0929b3"

[[projects]]
  name = "gopkg.in/gorethink/gorethink.v3"
  packages = [
    ".",
    "encoding",
    "ql2",
    "types"
  ]
  revision = "7f5bdfd858bb064d80559b2a32b86669c5de5d3b"
  version = "v3.0.5"

[[projects]]
  branch = "v2"
  name = "gopkg.in/mgo.v2"
  packages = [
    ".",
    "bson",
    "internal/json",
    "internal/sasl",
    "internal/scram"
  ]
  revision = "3f83fa5005286a7fe593b055f0d7771a7dce4655"

[[projects]]
  name = "gopkg.in/olivere/elastic.v2"
  packages = ["."]
  revision = "ad2886760fe843ee9e396ac2e2bf2ff95ee7bc5d"

[[projects]]
  name = "gopkg.in/olivere/elastic.v3"
  packages = ["."]
  revision = "ad2886760fe843ee9e396ac2e2bf2ff95ee7bc5d"

[[projects]]
  name = "gopkg.in/olivere/elastic.v5"
  packages = [
    ".",
    "config",
    "uritemplates"
  ]
  revision = "ad2886760fe843ee9e396ac2e2bf2ff95ee7bc5d"
  version = "v5.0.64"

[[projects]]
  name = "gopkg.in/sourcemap.v1"
  packages = [
    ".",
    "base64vlq"
  ]
  revision = "eef8f47ab679652a7d3a4ee34c34314d255d2536"
  version = "v1.0.3"

[solve-meta]
  analyzer-name = "dep"
  analyzer-version = 1
  inputs-digest = "786da9d9afed97fc950efaf3e2179920b8f6559c176d60dee5adab9433f0b5b5"
  solver-name = "gps-cdcl"
  solver-version = 1
